{
  "originHash" : "473059d64e319e031473796700e5141b695d181292b138739e1d615671b94cb8",
  "pins" : [
    {
      "identity" : "tomldecoder",
      "kind" : "remoteSourceControl",
      "location" : "https://github.com/dduan/TOMLDecoder",
      "state" : {
        "revision" : "fa1103a62b1c08cc08eabc58dda8b55887ff1622",
        "version" : "0.4.4"
      }
    }
  ],
  "version" : 3
}
